# This file is autogenerated, do not edit; changes may be undone by the next 'dep ensure'.


[[projects]]
  digest = "1:33082c63746b464db3d1c2c07a1396d860484d97fe857ef9e8668a9b406db09f"
  name = "github.com/go-redis/redis"
  packages = [
    ".",
    "internal",
    "internal/consistenthash",
    "internal/hashtag",
    "internal/pool",
    "internal/proto",
    "internal/util",
  ]
  pruneopts = "UT"
  revision = "d22fde8721cc915a55aeb6b00944a76a92bfeb6e"
  version = "v6.15.2"

[[projects]]
  digest = "1:318f1c959a8a740366fce4b1e1eb2fd914036b4af58fbd0a003349b305f118ad"
  name = "github.com/golang/protobuf"
  packages = ["proto"]
  pruneopts = "UT"
  revision = "b5d812f8a3706043e23a9cd5babf2e5423744d30"
  version = "v1.3.1"

[[projects]]
  digest = "1:ca59b1175189b3f0e9f1793d2c350114be36eaabbe5b9f554b35edee1de50aea"
  name = "github.com/gorilla/mux"
  packages = ["."]
  pruneopts = "UT"
  revision = "a7962380ca08b5a188038c69871b8d3fbdf31e89"
  version = "v1.7.0"

[[projects]]
  branch = "master"
  digest = "1:070fd6646e4774dadf633e813a587e152f9386fad277e60a7c6907096a687efe"
  name = "github.com/shurcooL/graphql"
  packages = [
    ".",
    "ident",
    "internal/jsonutil",
  ]
  pruneopts = "UT"
  revision = "d48a9a75455f6af30244670bc0c9d0e38e7392b5"

[[projects]]
  digest = "1:7df351557a6d5c30804e7d6f7ed87f2fccb0619c08fcc84869a93f22bec96c11"
  name = "github.com/tidwall/gjson"
  packages = ["."]
  pruneopts = "UT"
  revision = "eee0b6226f0d1db2675a176fdfaa8419bcad4ca8"
  version = "v1.2.1"

[[projects]]
  digest = "1:8453ddbed197809ee8ca28b06bd04e127bec9912deb4ba451fea7a1eca578328"
  name = "github.com/tidwall/match"
  packages = ["."]
  pruneopts = "UT"
  revision = "33827db735fff6510490d69a8622612558a557ed"
  version = "v1.0.1"

[[projects]]
  branch = "master"
  digest = "1:88611438dc87bda5862e2d12d8e901bac8ebfd4a9034a896d2f69835360439a7"
  name = "github.com/tidwall/pretty"
  packages = ["."]
  pruneopts = "UT"
  revision = "65a9db5fad5105a89e17f38adcc9878685be6d78"

[[projects]]
  digest = "1:b70c951ba6fdeecfbd50dabe95aa5e1b973866ae9abbece46ad60348112214f2"
  name = "github.com/tidwall/sjson"
  packages = ["."]
  pruneopts = "UT"
  revision = "25fb082a20e29e83fb7b7ef5f5919166aad1f084"
  version = "v1.0.4"

[[projects]]
  branch = "master"
  digest = "1:f8b491a7c25030a895a0e579742d07136e6958e77ef2d46e769db8eec4e58fcd"
  name = "golang.org/x/net"
  packages = [
    "context",
    "context/ctxhttp",
  ]
  pruneopts = "UT"
  revision = "9f648a60d9775ef5c977e7669d1673a7a67bef33"

[[projects]]
  branch = "master"
  digest = "1:037497a2c592b7aa03789f9d6492d02e7d7d166c0e363c95cb53952cf11c7ab0"
  name = "golang.org/x/oauth2"
  packages = [
    ".",
    "internal",
  ]
  pruneopts = "UT"
  revision = "e64efc72b421e893cbf63f17ba2221e7d6d0b0f3"

[[projects]]
  digest = "1:6f3bd49ddf2e104e52062774d797714371fac1b8bddfd8e124ce78e6b2264a10"
  name = "google.golang.org/appengine"
  packages = [
    "internal",
    "internal/base",
    "internal/datastore",
    "internal/log",
    "internal/remote_api",
    "internal/urlfetch",
    "urlfetch",
  ]
  pruneopts = "UT"
  revision = "e9657d882bb81064595ca3b56cbe2546bbabf7b1"
  version = "v1.4.0"

[solve-meta]
  analyzer-name = "dep"
  analyzer-version = 1
  input-imports = [
    "github.com/go-redis/redis",
    "github.com/gorilla/mux",
    "github.com/shurcooL/graphql",
    "github.com/tidwall/sjson",
    "golang.org/x/oauth2",
  ]
  solver-name = "gps-cdcl"
  solver-version = 1
